{
  "version": 4,
  "terraform_version": "1.13.4",
  "serial": 138,
  "lineage": "6b0ba9b6-d7a7-4f37-7323-3a4c5e6741b1",
  "outputs": {
    "api_keys_secret_arn": {
      "value": "arn:aws:secretsmanager:us-east-1:843976229340:secret:k8s/api/keys-u2ZDmZ",
      "type": "string",
      "sensitive": true
    },
    "app_config_secret_arn": {
      "value": "arn:aws:secretsmanager:us-east-1:843976229340:secret:k8s/app/config-7479i1",
      "type": "string",
      "sensitive": true
    },
    "bastion_public_ip": {
      "value": "98.86.112.65",
      "type": "string"
    },
    "database_secret_arn": {
      "value": "arn:aws:secretsmanager:us-east-1:843976229340:secret:k8s/database/credentials-bv0aYe",
      "type": "string",
      "sensitive": true
    },
    "ecr_registry_id": {
      "value": "843976229340",
      "type": "string"
    },
    "ecr_repository_name": {
      "value": "k8s-app-repository",
      "type": "string"
    },
    "ecr_repository_url": {
      "value": "843976229340.dkr.ecr.us-east-1.amazonaws.com/k8s-app-repository",
      "type": "string"
    },
    "master_private_ip": {
      "value": "10.0.2.12",
      "type": "string"
    },
    "private_key_path": {
      "value": "./k8s-key.pem",
      "type": "string",
      "sensitive": true
    },
    "secrets_management_policy_arn": {
      "value": "arn:aws:iam::843976229340:policy/secrets-management-policy",
      "type": "string"
    },
    "security_group_id": {
      "value": "sg-01f675eefdcffa17f",
      "type": "string"
    },
    "vpc_id": {
      "value": "vpc-081df297715c9e235",
      "type": "string"
    },
    "worker_private_ips": {
      "value": [
        "10.0.2.30",
        "10.0.2.105"
      ],
      "type": [
        "tuple",
        [
          "string",
          "string"
        ]
      ]
    }
  },
  "resources": [
    {
      "mode": "managed",
      "type": "local_file",
      "name": "private_key",
      "provider": "provider[\"registry.terraform.io/hashicorp/local\"]",
      "instances": [
        {
          "schema_version": 0,
          "attributes": {
            "content": "-----BEGIN RSA PRIVATE KEY-----\nMIIJKAIBAAKCAgEArOtr5lAMqu9KNzmwO49CS5c7G2SJIdtRFnEMdq8r1K2/Lgd+\ns9X04r3BD01MWtIKUdnnGhz84sevh2sSdcXe1ik96ps5GaYwjThNtwFLcElKA8/B\nvKNZZi2VSC7UIRCSq/RYsgFWoPjhnqA/r5JrGTgH0oxTW4WXNJvzClGIcAoswiZl\nZax2PPIJHctAkagp7thfn3NAwBDWyJkengzEAbLbRM+5gahghgCxHdlBqCd7BxXG\nMgRIhR1p7Pf20lpFLcfkKoQPRF6Axp+7GyXqJVZ3M7eO9qLzsT6EH6cg94WGSB+o\ncB6/7aFRl1I8u3pcGFCvexxlozbGXfRZK/f3LXGDRABEIMdh9EB7d03wkKfF1yH8\n5a6Vgkwp4oM8A3HFbhzX04nZVTJK4g15lLIkz2YrwNlhCML2/AgXTkWv9hmA2b0v\n8rSskaQNSTvtHZQTQcGozhcLJdpAMJvgck8EoWfRscC5Q6Hmq3ALCeLMOqz5Zs8Z\n4E5IH23vCupFTqjq7z7uxHdnDsdZt+jo2eKEKAsAdZWx46qn6v3g2s6eo8L4nKMo\nmDTrhkicSn+cwmf/sSh4YDGScsguuPzvR6kClTV/UrqDHhoh8sAAt+piPxYEUeZT\ne/deS9tB4g+3CekT+xQ/mCB20q11qV6Vzj+UUxdQ/S710fUooQQ80l2xrUECAwEA\nAQKCAgBSQmIfe5gzHsde8yYHh1SB0i0PkGl9/i+abegAc791mrvWQUGAenlW/e7g\nASUgFUhMfMzoCr8wgM7bLE/pT9p8Zb0rJHFq5ri1DYJG2ypQfcTkgEpJGyoVpfyc\njI5kNlaXz5L8Bw/3Xr4x8EirlIs3QYTTH+ctpCT0pXVeRMATkHuPVqWo0vyibH9y\nuXR7dhSQp0UB/NliJQCQB+tdQ3Rg3H1bxDea2wcj6CNZsDcAL9viWHTi6U+4Z3Az\nBxjXI5NCPpOnuA/tNcmr82OWfBhhb7sgEqPDZ2xnNnay+hYAOfhRyiGeSLqD6FiA\nlGIIy6IQ/R0lgzJEjPOb0Xg0Ju9h2gXG7fVQ9EgLVhaHXDZiAQ6Tww51oiAeQfiF\n9UqbYn9I2C+FVyD9lQbyrLrnRFC+UwCf3QcUdKTwBVkLcdn3cn5EmTUdWyEotlER\nycd6eHfAu/9raKLMbkYItgtsIqFaQiBunlF6v1He4H9y2mBNsUwNaBCaUchak4FV\nNR5yrsddKL1V1IkaJ5WI+Ihq/1++F0wl8aMBxBnQB2Pir7yEyF5ZSi7vD4hldGms\nUctseubtRD0LDf/EuQ8WDN08BQw09wNVMhrEfSOZlsgOotERCpvgycPsAqr+gpZZ\nurzWRGOXO/nJC+2F6sNrIcs1Gq6lCHUqvteB8mEzL1/qlzc3CwKCAQEAyik72dRR\nVaP5/aLcUynz0PRQDhC+MkdTMfqz1P5nKceA1j3lK5bkogHjq1VLGQ+djG3KLeRY\nLVgCWL7kVbQAQbw/hnhAud/X/+eeWb3RsjZtf7VEiItddWahc3WfZhBh5QT/VW2H\nwFP7y7hx/NY4RI08TMIQ492kCEBSmAwdKA0PbgbJI+AxudNvmrKN1y2SS7LxbJFv\nXCC3AxeaFMp/0HiTDbXeWpQReX2mmneQ8xA7LZe+o6gl17OaqAEIaacGjAFpUnFE\notoZeZQIVmekgMY+2JE6PPPr61bc2H00+NYgLHt8PpDhfxKYmxzznY+AHD4gl73M\n3Rg1gtvRbwQDwwKCAQEA2viWrRNdLdFxCFZnM4Bu0b9P9VI6Pl2LUZZ8QBTNi0xz\n9DGT0y6Kvbr7Qet/ge9dMz3eQJWelVrhtJ/sekaZRNIWtsAuXNarnMRXkZWchqlt\nww+FsmW2GTphAWuwTY8nyeMxpbKv0xEV2FawG07/uu2DWbnFqmrn87CPy23oU491\n+sWH1dD3BQMPpI4SVj5zwqSRBoMr6SvQbZjw4dc5PoYEoMP+1h8Rvbsu0YbGMJGa\nqrIP83UxbcVNfV+F6FpSRSngHa38oKcSzfWTy81HT4RLWGCdH5uL9y+rH+SWBHR2\nou4yIRRfz1NxvuIeqysWS9e1ttOBx5RqkIg1do+OqwKCAQA9vXAQ653XaNfdVVKy\nd1qGE0crtINRuaS329f2EagSA2Lei1KlCFVVAPy2A7uGsNUt4Q3hDB694mX9EneL\nkQiPCt3fxHQIEEvYVLVwtN8I7URtvz9p8B4fz7M5HtAKjLBJEEimn2fZHg0FP5RY\nYlgW34dt7crYvITvHC3dT73L0IlI0fu14C9vkBpChYt6DuniAolm3dfDrB4YbKna\n9akpUtmeU0/QG+5mSzCJdkCnauqX1wMa2iyMfsaZzo7yLVd7hKbUzdDnZ3JmRgZx\n1P9RcLoay+ecW+ZOHl4eI8b8w/BZhXEBbp/ffh9rJ+Fi2kOG3JZ5oTaiw1T8XQPO\nQsyfAoIBAGRP837wWwRtaVG/e2GtmZb/BJtHAyWk5vkGbn9QyGTjLk+VErpxHOAU\nM5ycTPpydIjP8+w0XsTfMHz1snjFtNtBP2STH+op8c5MaC1qk51hKsZsavwx+j0O\ncHgdJFQzm6+yJAFbnY6cyhwkgmLQSvkQa9cD8tjCRuZtYUJ5ZDA7jXnHWhYKt88U\n+uqQpzfZPmDR0RphpxEXoFFE+j0Lws6wyJf5kdn3u8HmaWlVS5/eZDOEhSgr7Ovz\nsi8YPpkWH5BNwbz3Ar96KnQt53o63UtBON8Qy4o6UOF5dfSTXGJIFD1Jz681zTqG\naJpgrloN0BYIiNdrh42toS/7JjrdQycCggEBALov7KjA9d3jPhEcd2ziE4Rns16T\nQrkrw1a8Yk6iWX/OW4qJ2if+I5kkr2YJzWXUIqqPqXrmqd2lbeCDGc4wZDhP5S+J\npRa5M61uGPnK5b5zIBVvFqwIolLBSdmSv6Up5BUEBSETz+o3lUyyPRsvfMJe+R43\noDppmk0jGANCKkEsmZHKr2Y3zMNdhoAeQTuHp105gykjeS3GAgNAmjMIVyggqFVc\nUjwBMXhXwq+2+bhr4PGF0vxlbNW2sTDs0YuA0094OO1T/fG3S9YAbJjm/QxNT/A2\nl+99IlPnqWAW24x8erVbol7quPHA3MHo+xDmqRyk46xAkzEN4hchc7BCZaE=\n-----END RSA PRIVATE KEY-----\n",
            "content_base64": null,
            "content_base64sha256": "/e5cnX6aJ/LMvOmeFseH2dzw7hXbwxRmLNYEL7hJIzE=",
            "content_base64sha512": "AgwFyMb3/0s6/p0jCekeiNQeYiMVMEjRtLFUn2XTYmrrdz5B6RYh2iMrW2c3RPwLzCO7WrQG26VgcgurOL1z+Q==",
            "content_md5": "204f2eaf0cded3718b918c0ad2af3f4d",
            "content_sha1": "259cf93908d1f64b04e61a3da4ecf647d98b8644",
            "content_sha256": "fdee5c9d7e9a27f2ccbce99e16c787d9dcf0ee15dbc314662cd6042fb8492331",
            "content_sha512": "020c05c8c6f7ff4b3afe9d2309e91e88d41e6223153048d1b4b1549f65d3626aeb773e41e91621da232b5b673744fc0bcc23bb5ab406dba560720bab38bd73f9",
            "directory_permission": "0777",
            "file_permission": "0400",
            "filename": "./k8s-key.pem",
            "id": "259cf93908d1f64b04e61a3da4ecf647d98b8644",
            "sensitive_content": null,
            "source": null
          },
          "sensitive_attributes": [
            [
              {
                "type": "get_attr",
                "value": "content"
              }
            ],
            [
              {
                "type": "get_attr",
                "value": "sensitive_content"
              }
            ]
          ],
          "identity_schema_version": 0,
          "dependencies": [
            "tls_private_key.k8s_ssh"
          ]
        }
      ]
    },
    {
      "mode": "managed",
      "type": "tls_private_key",
      "name": "k8s_ssh",
      "provider": "provider[\"registry.terraform.io/hashicorp/tls\"]",
      "instances": [
        {
          "schema_version": 1,
          "attributes": {
            "algorithm": "RSA",
            "ecdsa_curve": "P224",
            "id": "2557c113a748b8abc9e8455893c204ef823abe90",
            "private_key_openssh": "-----BEGIN OPENSSH PRIVATE KEY-----\nb3BlbnNzaC1rZXktdjEAAAAABG5vbmUAAAAEbm9uZQAAAAAAAAABAAACFwAAAAdz\nc2gtcnNhAAAAAwEAAQAAAgEArOtr5lAMqu9KNzmwO49CS5c7G2SJIdtRFnEMdq8r\n1K2/Lgd+s9X04r3BD01MWtIKUdnnGhz84sevh2sSdcXe1ik96ps5GaYwjThNtwFL\ncElKA8/BvKNZZi2VSC7UIRCSq/RYsgFWoPjhnqA/r5JrGTgH0oxTW4WXNJvzClGI\ncAoswiZlZax2PPIJHctAkagp7thfn3NAwBDWyJkengzEAbLbRM+5gahghgCxHdlB\nqCd7BxXGMgRIhR1p7Pf20lpFLcfkKoQPRF6Axp+7GyXqJVZ3M7eO9qLzsT6EH6cg\n94WGSB+ocB6/7aFRl1I8u3pcGFCvexxlozbGXfRZK/f3LXGDRABEIMdh9EB7d03w\nkKfF1yH85a6Vgkwp4oM8A3HFbhzX04nZVTJK4g15lLIkz2YrwNlhCML2/AgXTkWv\n9hmA2b0v8rSskaQNSTvtHZQTQcGozhcLJdpAMJvgck8EoWfRscC5Q6Hmq3ALCeLM\nOqz5Zs8Z4E5IH23vCupFTqjq7z7uxHdnDsdZt+jo2eKEKAsAdZWx46qn6v3g2s6e\no8L4nKMomDTrhkicSn+cwmf/sSh4YDGScsguuPzvR6kClTV/UrqDHhoh8sAAt+pi\nPxYEUeZTe/deS9tB4g+3CekT+xQ/mCB20q11qV6Vzj+UUxdQ/S710fUooQQ80l2x\nrUEAAAc47sqIye7KiMkAAAAHc3NoLXJzYQAAAgEArOtr5lAMqu9KNzmwO49CS5c7\nG2SJIdtRFnEMdq8r1K2/Lgd+s9X04r3BD01MWtIKUdnnGhz84sevh2sSdcXe1ik9\n6ps5GaYwjThNtwFLcElKA8/BvKNZZi2VSC7UIRCSq/RYsgFWoPjhnqA/r5JrGTgH\n0oxTW4WXNJvzClGIcAoswiZlZax2PPIJHctAkagp7thfn3NAwBDWyJkengzEAbLb\nRM+5gahghgCxHdlBqCd7BxXGMgRIhR1p7Pf20lpFLcfkKoQPRF6Axp+7GyXqJVZ3\nM7eO9qLzsT6EH6cg94WGSB+ocB6/7aFRl1I8u3pcGFCvexxlozbGXfRZK/f3LXGD\nRABEIMdh9EB7d03wkKfF1yH85a6Vgkwp4oM8A3HFbhzX04nZVTJK4g15lLIkz2Yr\nwNlhCML2/AgXTkWv9hmA2b0v8rSskaQNSTvtHZQTQcGozhcLJdpAMJvgck8EoWfR\nscC5Q6Hmq3ALCeLMOqz5Zs8Z4E5IH23vCupFTqjq7z7uxHdnDsdZt+jo2eKEKAsA\ndZWx46qn6v3g2s6eo8L4nKMomDTrhkicSn+cwmf/sSh4YDGScsguuPzvR6kClTV/\nUrqDHhoh8sAAt+piPxYEUeZTe/deS9tB4g+3CekT+xQ/mCB20q11qV6Vzj+UUxdQ\n/S710fUooQQ80l2xrUEAAAADAQABAAACAFJCYh97mDMex17zJgeHVIHSLQ+QaX3+\nL5pt6ABzv3Wau9ZBQYB6eVb97uABJSAVSEx8zOgKvzCAztssT+lP2nxlvSskcWrm\nuLUNgkbbKlB9xOSASkkbKhWl/JyMjmQ2VpfPkvwHD/devjHwSKuUizdBhNMf5y2k\nJPSldV5EwBOQe49WpajS/KJsf3K5dHt2FJCnRQH82WIlAJAH611DdGDcfVvEN5rb\nByPoI1mwNwAv2+JYdOLpT7hncDMHGNcjk0I+k6e4D+01yavzY5Z8GGFvuyASo8Nn\nbGc2drL6FgA5+FHKIZ5IuoPoWICUYgjLohD9HSWDMkSM85vReDQm72HaBcbt9VD0\nSAtWFodcNmIBDpPDDnWiIB5B+IX1Sptif0jYL4VXIP2VBvKsuudEUL5TAJ/dBxR0\npPAFWQtx2fdyfkSZNR1bISi2URHJx3p4d8C7/2toosxuRgi2C2wioVpCIG6eUXq/\nUd7gf3LaYE2xTA1oEJpRyFqTgVU1HnKux10ovVXUiRonlYj4iGr/X74XTCXxowHE\nGdAHY+KvvITIXllKLu8PiGV0aaxRy2x65u1EPQsN/8S5DxYM3TwFDDT3A1UyGsR9\nI5mWyA6i0REKm+DJw+wCqv6Cllm6vNZEY5c7+ckL7YXqw2shyzUarqUIdSq+14Hy\nYTMvX+qXNzcLAAABAQC6L+yowPXd4z4RHHds4hOEZ7Nek0K5K8NWvGJOoll/zluK\nidon/iOZJK9mCc1l1CKqj6l65qndpW3ggxnOMGQ4T+UviaUWuTOtbhj5yuW+cyAV\nbxasCKJSwUnZkr+lKeQVBAUhE8/qN5VMsj0bL3zCXvkeN6A6aZpNIxgDQipBLJmR\nyq9mN8zDXYaAHkE7h6ddOYMpI3ktxgIDQJozCFcoIKhVXFI8ATF4V8Kvtvm4a+Dx\nhdL8ZWzVtrEw7NGLgNNPeDjtU/3xt0vWAGyY5v0MTU/wNpfvfSJT56lgFtuMfHq1\nW6Je6rjxwNzB6PsQ5qkcpOOsQJMxDeIXIXOwQmWhAAABAQDKKTvZ1FFVo/n9otxT\nKfPQ9FAOEL4yR1Mx+rPU/mcpx4DWPeUrluSiAeOrVUsZD52Mbcot5FgtWAJYvuRV\ntABBvD+GeEC539f/555ZvdGyNm1/tUSIi111ZqFzdZ9mEGHlBP9VbYfAU/vLuHH8\n1jhEjTxMwhDj3aQIQFKYDB0oDQ9uBskj4DG502+aso3XLZJLsvFskW9cILcDF5oU\nyn/QeJMNtd5alBF5faaad5DzEDstl76jqCXXs5qoAQhppwaMAWlScUSi2hl5lAhW\nZ6SAxj7YkTo88+vrVtzYfTT41iAse3w+kOF/EpibHPOdj4AcPiCXvczdGDWC29Fv\nBAPDAAABAQDa+JatE10t0XEIVmczgG7Rv0/1Ujo+XYtRlnxAFM2LTHP0MZPTLoq9\nuvtB63+B710zPd5AlZ6VWuG0n+x6RplE0ha2wC5c1qucxFeRlZyGqW3DD4WyZbYZ\nOmEBa7BNjyfJ4zGlsq/TERXYVrAbTv+67YNZucWqaufzsI/LbehTj3X6xYfV0PcF\nAw+kjhJWPnPCpJEGgyvpK9BtmPDh1zk+hgSgw/7WHxG9uy7RhsYwkZqqsg/zdTFt\nxU19X4XoWlJFKeAdrfygpxLN9ZPLzUdPhEtYYJ0fm4v3L6sf5JYEdHai7jIhFF/P\nU3G+4h6rKxZL17W204HHlGqQiDV2j46rAAAAAAEC\n-----END OPENSSH PRIVATE KEY-----\n",
            "private_key_pem": "-----BEGIN RSA PRIVATE KEY-----\nMIIJKAIBAAKCAgEArOtr5lAMqu9KNzmwO49CS5c7G2SJIdtRFnEMdq8r1K2/Lgd+\ns9X04r3BD01MWtIKUdnnGhz84sevh2sSdcXe1ik96ps5GaYwjThNtwFLcElKA8/B\nvKNZZi2VSC7UIRCSq/RYsgFWoPjhnqA/r5JrGTgH0oxTW4WXNJvzClGIcAoswiZl\nZax2PPIJHctAkagp7thfn3NAwBDWyJkengzEAbLbRM+5gahghgCxHdlBqCd7BxXG\nMgRIhR1p7Pf20lpFLcfkKoQPRF6Axp+7GyXqJVZ3M7eO9qLzsT6EH6cg94WGSB+o\ncB6/7aFRl1I8u3pcGFCvexxlozbGXfRZK/f3LXGDRABEIMdh9EB7d03wkKfF1yH8\n5a6Vgkwp4oM8A3HFbhzX04nZVTJK4g15lLIkz2YrwNlhCML2/AgXTkWv9hmA2b0v\n8rSskaQNSTvtHZQTQcGozhcLJdpAMJvgck8EoWfRscC5Q6Hmq3ALCeLMOqz5Zs8Z\n4E5IH23vCupFTqjq7z7uxHdnDsdZt+jo2eKEKAsAdZWx46qn6v3g2s6eo8L4nKMo\nmDTrhkicSn+cwmf/sSh4YDGScsguuPzvR6kClTV/UrqDHhoh8sAAt+piPxYEUeZT\ne/deS9tB4g+3CekT+xQ/mCB20q11qV6Vzj+UUxdQ/S710fUooQQ80l2xrUECAwEA\nAQKCAgBSQmIfe5gzHsde8yYHh1SB0i0PkGl9/i+abegAc791mrvWQUGAenlW/e7g\nASUgFUhMfMzoCr8wgM7bLE/pT9p8Zb0rJHFq5ri1DYJG2ypQfcTkgEpJGyoVpfyc\njI5kNlaXz5L8Bw/3Xr4x8EirlIs3QYTTH+ctpCT0pXVeRMATkHuPVqWo0vyibH9y\nuXR7dhSQp0UB/NliJQCQB+tdQ3Rg3H1bxDea2wcj6CNZsDcAL9viWHTi6U+4Z3Az\nBxjXI5NCPpOnuA/tNcmr82OWfBhhb7sgEqPDZ2xnNnay+hYAOfhRyiGeSLqD6FiA\nlGIIy6IQ/R0lgzJEjPOb0Xg0Ju9h2gXG7fVQ9EgLVhaHXDZiAQ6Tww51oiAeQfiF\n9UqbYn9I2C+FVyD9lQbyrLrnRFC+UwCf3QcUdKTwBVkLcdn3cn5EmTUdWyEotlER\nycd6eHfAu/9raKLMbkYItgtsIqFaQiBunlF6v1He4H9y2mBNsUwNaBCaUchak4FV\nNR5yrsddKL1V1IkaJ5WI+Ihq/1++F0wl8aMBxBnQB2Pir7yEyF5ZSi7vD4hldGms\nUctseubtRD0LDf/EuQ8WDN08BQw09wNVMhrEfSOZlsgOotERCpvgycPsAqr+gpZZ\nurzWRGOXO/nJC+2F6sNrIcs1Gq6lCHUqvteB8mEzL1/qlzc3CwKCAQEAyik72dRR\nVaP5/aLcUynz0PRQDhC+MkdTMfqz1P5nKceA1j3lK5bkogHjq1VLGQ+djG3KLeRY\nLVgCWL7kVbQAQbw/hnhAud/X/+eeWb3RsjZtf7VEiItddWahc3WfZhBh5QT/VW2H\nwFP7y7hx/NY4RI08TMIQ492kCEBSmAwdKA0PbgbJI+AxudNvmrKN1y2SS7LxbJFv\nXCC3AxeaFMp/0HiTDbXeWpQReX2mmneQ8xA7LZe+o6gl17OaqAEIaacGjAFpUnFE\notoZeZQIVmekgMY+2JE6PPPr61bc2H00+NYgLHt8PpDhfxKYmxzznY+AHD4gl73M\n3Rg1gtvRbwQDwwKCAQEA2viWrRNdLdFxCFZnM4Bu0b9P9VI6Pl2LUZZ8QBTNi0xz\n9DGT0y6Kvbr7Qet/ge9dMz3eQJWelVrhtJ/sekaZRNIWtsAuXNarnMRXkZWchqlt\nww+FsmW2GTphAWuwTY8nyeMxpbKv0xEV2FawG07/uu2DWbnFqmrn87CPy23oU491\n+sWH1dD3BQMPpI4SVj5zwqSRBoMr6SvQbZjw4dc5PoYEoMP+1h8Rvbsu0YbGMJGa\nqrIP83UxbcVNfV+F6FpSRSngHa38oKcSzfWTy81HT4RLWGCdH5uL9y+rH+SWBHR2\nou4yIRRfz1NxvuIeqysWS9e1ttOBx5RqkIg1do+OqwKCAQA9vXAQ653XaNfdVVKy\nd1qGE0crtINRuaS329f2EagSA2Lei1KlCFVVAPy2A7uGsNUt4Q3hDB694mX9EneL\nkQiPCt3fxHQIEEvYVLVwtN8I7URtvz9p8B4fz7M5HtAKjLBJEEimn2fZHg0FP5RY\nYlgW34dt7crYvITvHC3dT73L0IlI0fu14C9vkBpChYt6DuniAolm3dfDrB4YbKna\n9akpUtmeU0/QG+5mSzCJdkCnauqX1wMa2iyMfsaZzo7yLVd7hKbUzdDnZ3JmRgZx\n1P9RcLoay+ecW+ZOHl4eI8b8w/BZhXEBbp/ffh9rJ+Fi2kOG3JZ5oTaiw1T8XQPO\nQsyfAoIBAGRP837wWwRtaVG/e2GtmZb/BJtHAyWk5vkGbn9QyGTjLk+VErpxHOAU\nM5ycTPpydIjP8+w0XsTfMHz1snjFtNtBP2STH+op8c5MaC1qk51hKsZsavwx+j0O\ncHgdJFQzm6+yJAFbnY6cyhwkgmLQSvkQa9cD8tjCRuZtYUJ5ZDA7jXnHWhYKt88U\n+uqQpzfZPmDR0RphpxEXoFFE+j0Lws6wyJf5kdn3u8HmaWlVS5/eZDOEhSgr7Ovz\nsi8YPpkWH5BNwbz3Ar96KnQt53o63UtBON8Qy4o6UOF5dfSTXGJIFD1Jz681zTqG\naJpgrloN0BYIiNdrh42toS/7JjrdQycCggEBALov7KjA9d3jPhEcd2ziE4Rns16T\nQrkrw1a8Yk6iWX/OW4qJ2if+I5kkr2YJzWXUIqqPqXrmqd2lbeCDGc4wZDhP5S+J\npRa5M61uGPnK5b5zIBVvFqwIolLBSdmSv6Up5BUEBSETz+o3lUyyPRsvfMJe+R43\noDppmk0jGANCKkEsmZHKr2Y3zMNdhoAeQTuHp105gykjeS3GAgNAmjMIVyggqFVc\nUjwBMXhXwq+2+bhr4PGF0vxlbNW2sTDs0YuA0094OO1T/fG3S9YAbJjm/QxNT/A2\nl+99IlPnqWAW24x8erVbol7quPHA3MHo+xDmqRyk46xAkzEN4hchc7BCZaE=\n-----END RSA PRIVATE KEY-----\n",
            "private_key_pem_pkcs8": "-----BEGIN PRIVATE KEY-----\nMIIJQgIBADANBgkqhkiG9w0BAQEFAASCCSwwggkoAgEAAoICAQCs62vmUAyq70o3\nObA7j0JLlzsbZIkh21EWcQx2ryvUrb8uB36z1fTivcEPTUxa0gpR2ecaHPzix6+H\naxJ1xd7WKT3qmzkZpjCNOE23AUtwSUoDz8G8o1lmLZVILtQhEJKr9FiyAVag+OGe\noD+vkmsZOAfSjFNbhZc0m/MKUYhwCizCJmVlrHY88gkdy0CRqCnu2F+fc0DAENbI\nmR6eDMQBsttEz7mBqGCGALEd2UGoJ3sHFcYyBEiFHWns9/bSWkUtx+QqhA9EXoDG\nn7sbJeolVnczt472ovOxPoQfpyD3hYZIH6hwHr/toVGXUjy7elwYUK97HGWjNsZd\n9Fkr9/ctcYNEAEQgx2H0QHt3TfCQp8XXIfzlrpWCTCnigzwDccVuHNfTidlVMkri\nDXmUsiTPZivA2WEIwvb8CBdORa/2GYDZvS/ytKyRpA1JO+0dlBNBwajOFwsl2kAw\nm+ByTwShZ9GxwLlDoearcAsJ4sw6rPlmzxngTkgfbe8K6kVOqOrvPu7Ed2cOx1m3\n6OjZ4oQoCwB1lbHjqqfq/eDazp6jwvicoyiYNOuGSJxKf5zCZ/+xKHhgMZJyyC64\n/O9HqQKVNX9SuoMeGiHywAC36mI/FgRR5lN7915L20HiD7cJ6RP7FD+YIHbSrXWp\nXpXOP5RTF1D9LvXR9SihBDzSXbGtQQIDAQABAoICAFJCYh97mDMex17zJgeHVIHS\nLQ+QaX3+L5pt6ABzv3Wau9ZBQYB6eVb97uABJSAVSEx8zOgKvzCAztssT+lP2nxl\nvSskcWrmuLUNgkbbKlB9xOSASkkbKhWl/JyMjmQ2VpfPkvwHD/devjHwSKuUizdB\nhNMf5y2kJPSldV5EwBOQe49WpajS/KJsf3K5dHt2FJCnRQH82WIlAJAH611DdGDc\nfVvEN5rbByPoI1mwNwAv2+JYdOLpT7hncDMHGNcjk0I+k6e4D+01yavzY5Z8GGFv\nuyASo8NnbGc2drL6FgA5+FHKIZ5IuoPoWICUYgjLohD9HSWDMkSM85vReDQm72Ha\nBcbt9VD0SAtWFodcNmIBDpPDDnWiIB5B+IX1Sptif0jYL4VXIP2VBvKsuudEUL5T\nAJ/dBxR0pPAFWQtx2fdyfkSZNR1bISi2URHJx3p4d8C7/2toosxuRgi2C2wioVpC\nIG6eUXq/Ud7gf3LaYE2xTA1oEJpRyFqTgVU1HnKux10ovVXUiRonlYj4iGr/X74X\nTCXxowHEGdAHY+KvvITIXllKLu8PiGV0aaxRy2x65u1EPQsN/8S5DxYM3TwFDDT3\nA1UyGsR9I5mWyA6i0REKm+DJw+wCqv6Cllm6vNZEY5c7+ckL7YXqw2shyzUarqUI\ndSq+14HyYTMvX+qXNzcLAoIBAQDKKTvZ1FFVo/n9otxTKfPQ9FAOEL4yR1Mx+rPU\n/mcpx4DWPeUrluSiAeOrVUsZD52Mbcot5FgtWAJYvuRVtABBvD+GeEC539f/555Z\nvdGyNm1/tUSIi111ZqFzdZ9mEGHlBP9VbYfAU/vLuHH81jhEjTxMwhDj3aQIQFKY\nDB0oDQ9uBskj4DG502+aso3XLZJLsvFskW9cILcDF5oUyn/QeJMNtd5alBF5faaa\nd5DzEDstl76jqCXXs5qoAQhppwaMAWlScUSi2hl5lAhWZ6SAxj7YkTo88+vrVtzY\nfTT41iAse3w+kOF/EpibHPOdj4AcPiCXvczdGDWC29FvBAPDAoIBAQDa+JatE10t\n0XEIVmczgG7Rv0/1Ujo+XYtRlnxAFM2LTHP0MZPTLoq9uvtB63+B710zPd5AlZ6V\nWuG0n+x6RplE0ha2wC5c1qucxFeRlZyGqW3DD4WyZbYZOmEBa7BNjyfJ4zGlsq/T\nERXYVrAbTv+67YNZucWqaufzsI/LbehTj3X6xYfV0PcFAw+kjhJWPnPCpJEGgyvp\nK9BtmPDh1zk+hgSgw/7WHxG9uy7RhsYwkZqqsg/zdTFtxU19X4XoWlJFKeAdrfyg\npxLN9ZPLzUdPhEtYYJ0fm4v3L6sf5JYEdHai7jIhFF/PU3G+4h6rKxZL17W204HH\nlGqQiDV2j46rAoIBAD29cBDrnddo191VUrJ3WoYTRyu0g1G5pLfb1/YRqBIDYt6L\nUqUIVVUA/LYDu4aw1S3hDeEMHr3iZf0Sd4uRCI8K3d/EdAgQS9hUtXC03wjtRG2/\nP2nwHh/Pszke0AqMsEkQSKafZ9keDQU/lFhiWBbfh23tyti8hO8cLd1PvcvQiUjR\n+7XgL2+QGkKFi3oO6eICiWbd18OsHhhsqdr1qSlS2Z5TT9Ab7mZLMIl2QKdq6pfX\nAxraLIx+xpnOjvItV3uEptTN0OdncmZGBnHU/1FwuhrL55xb5k4eXh4jxvzD8FmF\ncQFun99+H2sn4WLaQ4bclnmhNqLDVPxdA85CzJ8CggEAZE/zfvBbBG1pUb97Ya2Z\nlv8Em0cDJaTm+QZuf1DIZOMuT5USunEc4BQznJxM+nJ0iM/z7DRexN8wfPWyeMW0\n20E/ZJMf6inxzkxoLWqTnWEqxmxq/DH6PQ5weB0kVDObr7IkAVudjpzKHCSCYtBK\n+RBr1wPy2MJG5m1hQnlkMDuNecdaFgq3zxT66pCnN9k+YNHRGmGnERegUUT6PQvC\nzrDIl/mR2fe7weZpaVVLn95kM4SFKCvs6/OyLxg+mRYfkE3BvPcCv3oqdC3nejrd\nS0E43xDLijpQ4Xl19JNcYkgUPUnPrzXNOoZommCuWg3QFgiI12uHja2hL/smOt1D\nJwKCAQEAui/sqMD13eM+ERx3bOIThGezXpNCuSvDVrxiTqJZf85bionaJ/4jmSSv\nZgnNZdQiqo+peuap3aVt4IMZzjBkOE/lL4mlFrkzrW4Y+crlvnMgFW8WrAiiUsFJ\n2ZK/pSnkFQQFIRPP6jeVTLI9Gy98wl75HjegOmmaTSMYA0IqQSyZkcqvZjfMw12G\ngB5BO4enXTmDKSN5LcYCA0CaMwhXKCCoVVxSPAExeFfCr7b5uGvg8YXS/GVs1bax\nMOzRi4DTT3g47VP98bdL1gBsmOb9DE1P8DaX730iU+epYBbbjHx6tVuiXuq48cDc\nwej7EOapHKTjrECTMQ3iFyFzsEJloQ==\n-----END PRIVATE KEY-----\n",
            "public_key_fingerprint_md5": "8a:eb:7e:bc:ea:a7:3e:65:e7:a3:0a:7d:c2:0b:49:d6",
            "public_key_fingerprint_sha256": "SHA256:kgBge/LRqa5uz4DT+h8PNz7LmmHLx1/gzNG0QANbx8E",
            "public_key_openssh": "ssh-rsa AAAAB3NzaC1yc2EAAAADAQABAAACAQCs62vmUAyq70o3ObA7j0JLlzsbZIkh21EWcQx2ryvUrb8uB36z1fTivcEPTUxa0gpR2ecaHPzix6+HaxJ1xd7WKT3qmzkZpjCNOE23AUtwSUoDz8G8o1lmLZVILtQhEJKr9FiyAVag+OGeoD+vkmsZOAfSjFNbhZc0m/MKUYhwCizCJmVlrHY88gkdy0CRqCnu2F+fc0DAENbImR6eDMQBsttEz7mBqGCGALEd2UGoJ3sHFcYyBEiFHWns9/bSWkUtx+QqhA9EXoDGn7sbJeolVnczt472ovOxPoQfpyD3hYZIH6hwHr/toVGXUjy7elwYUK97HGWjNsZd9Fkr9/ctcYNEAEQgx2H0QHt3TfCQp8XXIfzlrpWCTCnigzwDccVuHNfTidlVMkriDXmUsiTPZivA2WEIwvb8CBdORa/2GYDZvS/ytKyRpA1JO+0dlBNBwajOFwsl2kAwm+ByTwShZ9GxwLlDoearcAsJ4sw6rPlmzxngTkgfbe8K6kVOqOrvPu7Ed2cOx1m36OjZ4oQoCwB1lbHjqqfq/eDazp6jwvicoyiYNOuGSJxKf5zCZ/+xKHhgMZJyyC64/O9HqQKVNX9SuoMeGiHywAC36mI/FgRR5lN7915L20HiD7cJ6RP7FD+YIHbSrXWpXpXOP5RTF1D9LvXR9SihBDzSXbGtQQ==\n",
            "public_key_pem": "-----BEGIN PUBLIC KEY-----\nMIICIjANBgkqhkiG9w0BAQEFAAOCAg8AMIICCgKCAgEArOtr5lAMqu9KNzmwO49C\nS5c7G2SJIdtRFnEMdq8r1K2/Lgd+s9X04r3BD01MWtIKUdnnGhz84sevh2sSdcXe\n1ik96ps5GaYwjThNtwFLcElKA8/BvKNZZi2VSC7UIRCSq/RYsgFWoPjhnqA/r5Jr\nGTgH0oxTW4WXNJvzClGIcAoswiZlZax2PPIJHctAkagp7thfn3NAwBDWyJkengzE\nAbLbRM+5gahghgCxHdlBqCd7BxXGMgRIhR1p7Pf20lpFLcfkKoQPRF6Axp+7GyXq\nJVZ3M7eO9qLzsT6EH6cg94WGSB+ocB6/7aFRl1I8u3pcGFCvexxlozbGXfRZK/f3\nLXGDRABEIMdh9EB7d03wkKfF1yH85a6Vgkwp4oM8A3HFbhzX04nZVTJK4g15lLIk\nz2YrwNlhCML2/AgXTkWv9hmA2b0v8rSskaQNSTvtHZQTQcGozhcLJdpAMJvgck8E\noWfRscC5Q6Hmq3ALCeLMOqz5Zs8Z4E5IH23vCupFTqjq7z7uxHdnDsdZt+jo2eKE\nKAsAdZWx46qn6v3g2s6eo8L4nKMomDTrhkicSn+cwmf/sSh4YDGScsguuPzvR6kC\nlTV/UrqDHhoh8sAAt+piPxYEUeZTe/deS9tB4g+3CekT+xQ/mCB20q11qV6Vzj+U\nUxdQ/S710fUooQQ80l2xrUECAwEAAQ==\n-----END PUBLIC KEY-----\n",
            "rsa_bits": 4096
          },
          "sensitive_attributes": [
            [
              {
                "type": "get_attr",
                "value": "private_key_openssh"
              }
            ],
            [
              {
                "type": "get_attr",
                "value": "private_key_pem"
              }
            ],
            [
              {
                "type": "get_attr",
                "value": "private_key_pem_pkcs8"
              }
            ]
          ],
          "identity_schema_version": 0
        }
      ]
    },
    {
      "module": "module.compute",
      "mode": "managed",
      "type": "aws_instance",
      "name": "bastion",
      "provider": "provider[\"registry.terraform.io/hashicorp/aws\"]",
      "instances": [
        {
          "schema_version": 1,
          "attributes": {
            "ami": "ami-0c398cb65a93047f2",
            "arn": "arn:aws:ec2:us-east-1:843976229340:instance/i-045bccfa35eaaf98b",
            "associate_public_ip_address": true,
            "availability_zone": "us-east-1a",
            "capacity_reservation_specification": [
              {
                "capacity_reservation_preference": "open",
                "capacity_reservation_target": []
              }
            ],
            "cpu_core_count": 1,
            "cpu_options": [
              {
                "amd_sev_snp": "",
                "core_count": 1,
                "threads_per_core": 2
              }
            ],
            "cpu_threads_per_core": 2,
            "credit_specification": [
              {
                "cpu_credits": "unlimited"
              }
            ],
            "disable_api_stop": false,
            "disable_api_termination": false,
            "ebs_block_device": [],
            "ebs_optimized": false,
            "enable_primary_ipv6": null,
            "enclave_options": [
              {
                "enabled": false
              }
            ],
            "ephemeral_block_device": [],
            "get_password_data": false,
            "hibernation": false,
            "host_id": "",
            "host_resource_group_arn": null,
            "iam_instance_profile": "",
            "id": "i-045bccfa35eaaf98b",
            "instance_initiated_shutdown_behavior": "stop",
            "instance_lifecycle": "",
            "instance_market_options": [],
            "instance_state": "running",
            "instance_type": "t3.micro",
            "ipv6_address_count": 0,
            "ipv6_addresses": [],
            "key_name": "k8s-key",
            "launch_template": [],
            "maintenance_options": [
              {
                "auto_recovery": "default"
              }
            ],
            "metadata_options": [
              {
                "http_endpoint": "enabled",
                "http_protocol_ipv6": "disabled",
                "http_put_response_hop_limit": 1,
                "http_tokens": "optional",
                "instance_metadata_tags": "disabled"
              }
            ],
            "monitoring": false,
            "network_interface": [],
            "outpost_arn": "",
            "password_data": "",
            "placement_group": "",
            "placement_partition_number": 0,
            "primary_network_interface_id": "eni-0ef0640bd95848842",
            "private_dns": "ip-10-0-1-222.ec2.internal",
            "private_dns_name_options": [
              {
                "enable_resource_name_dns_a_record": false,
                "enable_resource_name_dns_aaaa_record": false,
                "hostname_type": "ip-name"
              }
            ],
            "private_ip": "10.0.1.222",
            "public_dns": "ec2-98-86-112-65.compute-1.amazonaws.com",
            "public_ip": "98.86.112.65",
            "root_block_device": [
              {
                "delete_on_termination": true,
                "device_name": "/dev/sda1",
                "encrypted": false,
                "iops": 100,
                "kms_key_id": "",
                "tags": {},
                "tags_all": {},
                "throughput": 0,
                "volume_id": "vol-0d6b879dd496e8251",
                "volume_size": 8,
                "volume_type": "gp2"
              }
            ],
            "secondary_private_ips": [],
            "security_groups": [],
            "source_dest_check": true,
            "spot_instance_request_id": "",
            "subnet_id": "subnet-0d70d5e50aad93b87",
            "tags": {
              "Name": "k8s-bastion",
              "Role": "bastion"
            },
            "tags_all": {
              "Name": "k8s-bastion",
              "Role": "bastion"
            },
            "tenancy": "default",
            "timeouts": null,
            "user_data": "b438e17d81e22e6b3658cb4c93e51dee6cfae0f8",
            "user_data_base64": null,
            "user_data_replace_on_change": false,
            "volume_tags": null,
            "vpc_security_group_ids": [
              "sg-01f675eefdcffa17f"
            ]
          },
          "sensitive_attributes": [
            [
              {
                "type": "get_attr",
                "value": "user_data"
              }
            ]
          ],
          "identity_schema_version": 0,
          "private": "eyJlMmJmYjczMC1lY2FhLTExZTYtOGY4OC0zNDM2M2JjN2M0YzAiOnsiY3JlYXRlIjo2MDAwMDAwMDAwMDAsImRlbGV0ZSI6MTIwMDAwMDAwMDAwMCwicmVhZCI6OTAwMDAwMDAwMDAwLCJ1cGRhdGUiOjYwMDAwMDAwMDAwMH0sInNjaGVtYV92ZXJzaW9uIjoiMSJ9",
          "dependencies": [
            "module.compute.aws_key_pair.k8s_key",
            "module.security.aws_security_group.k8s_sg",
            "module.vpc.aws_subnet.public_subnet",
            "module.vpc.aws_vpc.k8s_vpc",
            "tls_private_key.k8s_ssh"
          ]
        }
      ]
    },
    {
      "module": "module.compute",
      "mode": "managed",
      "type": "aws_instance",
      "name": "k8s_master",
      "provider": "provider[\"registry.terraform.io/hashicorp/aws\"]",
      "instances": [
        {
          "schema_version": 1,
          "attributes": {
            "ami": "ami-0c398cb65a93047f2",
            "arn": "arn:aws:ec2:us-east-1:843976229340:instance/i-01fa2ac610e7f9964",
            "associate_public_ip_address": false,
            "availability_zone": "us-east-1a",
            "capacity_reservation_specification": [
              {
                "capacity_reservation_preference": "open",
                "capacity_reservation_target": []
              }
            ],
            "cpu_core_count": 1,
            "cpu_options": [
              {
                "amd_sev_snp": "",
                "core_count": 1,
                "threads_per_core": 2
              }
            ],
            "cpu_threads_per_core": 2,
            "credit_specification": [
              {
                "cpu_credits": "unlimited"
              }
            ],
            "disable_api_stop": false,
            "disable_api_termination": false,
            "ebs_block_device": [],
            "ebs_optimized": false,
            "enable_primary_ipv6": null,
            "enclave_options": [
              {
                "enabled": false
              }
            ],
            "ephemeral_block_device": [],
            "get_password_data": false,
            "hibernation": false,
            "host_id": "",
            "host_resource_group_arn": null,
            "iam_instance_profile": "k8s-instance-profile",
            "id": "i-01fa2ac610e7f9964",
            "instance_initiated_shutdown_behavior": "stop",
            "instance_lifecycle": "",
            "instance_market_options": [],
            "instance_state": "running",
            "instance_type": "t3.medium",
            "ipv6_address_count": 0,
            "ipv6_addresses": [],
            "key_name": "k8s-key",
            "launch_template": [],
            "maintenance_options": [
              {
                "auto_recovery": "default"
              }
            ],
            "metadata_options": [
              {
                "http_endpoint": "enabled",
                "http_protocol_ipv6": "disabled",
                "http_put_response_hop_limit": 1,
                "http_tokens": "optional",
                "instance_metadata_tags": "disabled"
              }
            ],
            "monitoring": false,
            "network_interface": [],
            "outpost_arn": "",
            "password_data": "",
            "placement_group": "",
            "placement_partition_number": 0,
            "primary_network_interface_id": "eni-01ece807ef5c666b1",
            "private_dns": "ip-10-0-2-12.ec2.internal",
            "private_dns_name_options": [
              {
                "enable_resource_name_dns_a_record": false,
                "enable_resource_name_dns_aaaa_record": false,
                "hostname_type": "ip-name"
              }
            ],
            "private_ip": "10.0.2.12",
            "public_dns": "",
            "public_ip": "",
            "root_block_device": [
              {
                "delete_on_termination": true,
                "device_name": "/dev/sda1",
                "encrypted": false,
                "iops": 100,
                "kms_key_id": "",
                "tags": null,
                "tags_all": {},
                "throughput": 0,
                "volume_id": "vol-0329e24ea1e339a7a",
                "volume_size": 20,
                "volume_type": "gp2"
              }
            ],
            "secondary_private_ips": [],
            "security_groups": [],
            "source_dest_check": true,
            "spot_instance_request_id": "",
            "subnet_id": "subnet-042ae2fbd846bb822",
            "tags": {
              "Name": "k8s-master",
              "Role": "master"
            },
            "tags_all": {
              "Name": "k8s-master",
              "Role": "master"
            },
            "tenancy": "default",
            "timeouts": null,
            "user_data": "44d7fbc32006f432609de68426a93ca01615f64f",
            "user_data_base64": null,
            "user_data_replace_on_change": false,
            "volume_tags": null,
            "vpc_security_group_ids": [
              "sg-01f675eefdcffa17f"
            ]
          },
          "sensitive_attributes": [],
          "identity_schema_version": 0,
          "private": "eyJlMmJmYjczMC1lY2FhLTExZTYtOGY4OC0zNDM2M2JjN2M0YzAiOnsiY3JlYXRlIjo2MDAwMDAwMDAwMDAsImRlbGV0ZSI6MTIwMDAwMDAwMDAwMCwicmVhZCI6OTAwMDAwMDAwMDAwLCJ1cGRhdGUiOjYwMDAwMDAwMDAwMH0sInNjaGVtYV92ZXJzaW9uIjoiMSJ9",
          "dependencies": [
            "module.compute.aws_key_pair.k8s_key",
            "module.iam.aws_iam_instance_profile.k8s_profile",
            "module.iam.aws_iam_role.k8s_role",
            "module.security.aws_security_group.k8s_sg",
            "module.vpc.aws_subnet.private_subnet",
            "module.vpc.aws_vpc.k8s_vpc",
            "tls_private_key.k8s_ssh"
          ]
        }
      ]
    },
    {
      "module": "module.compute",
      "mode": "managed",
      "type": "aws_instance",
      "name": "k8s_workers",
      "provider": "provider[\"registry.terraform.io/hashicorp/aws\"]",
      "instances": [
        {
          "index_key": 0,
          "schema_version": 1,
          "attributes": {
            "ami": "ami-0c398cb65a93047f2",
            "arn": "arn:aws:ec2:us-east-1:843976229340:instance/i-05c02978afc05b3e9",
            "associate_public_ip_address": false,
            "availability_zone": "us-east-1a",
            "capacity_reservation_specification": [
              {
                "capacity_reservation_preference": "open",
                "capacity_reservation_target": []
              }
            ],
            "cpu_core_count": 1,
            "cpu_options": [
              {
                "amd_sev_snp": "",
                "core_count": 1,
                "threads_per_core": 2
              }
            ],
            "cpu_threads_per_core": 2,
            "credit_specification": [
              {
                "cpu_credits": "unlimited"
              }
            ],
            "disable_api_stop": false,
            "disable_api_termination": false,
            "ebs_block_device": [],
            "ebs_optimized": false,
            "enable_primary_ipv6": null,
            "enclave_options": [
              {
                "enabled": false
              }
            ],
            "ephemeral_block_device": [],
            "get_password_data": false,
            "hibernation": false,
            "host_id": "",
            "host_resource_group_arn": null,
            "iam_instance_profile": "k8s-instance-profile",
            "id": "i-05c02978afc05b3e9",
            "instance_initiated_shutdown_behavior": "stop",
            "instance_lifecycle": "",
            "instance_market_options": [],
            "instance_state": "running",
            "instance_type": "t3.medium",
            "ipv6_address_count": 0,
            "ipv6_addresses": [],
            "key_name": "k8s-key",
            "launch_template": [],
            "maintenance_options": [
              {
                "auto_recovery": "default"
              }
            ],
            "metadata_options": [
              {
                "http_endpoint": "enabled",
                "http_protocol_ipv6": "disabled",
                "http_put_response_hop_limit": 1,
                "http_tokens": "optional",
                "instance_metadata_tags": "disabled"
              }
            ],
            "monitoring": false,
            "network_interface": [],
            "outpost_arn": "",
            "password_data": "",
            "placement_group": "",
            "placement_partition_number": 0,
            "primary_network_interface_id": "eni-0087d039e86d087f9",
            "private_dns": "ip-10-0-2-30.ec2.internal",
            "private_dns_name_options": [
              {
                "enable_resource_name_dns_a_record": false,
                "enable_resource_name_dns_aaaa_record": false,
                "hostname_type": "ip-name"
              }
            ],
            "private_ip": "10.0.2.30",
            "public_dns": "",
            "public_ip": "",
            "root_block_device": [
              {
                "delete_on_termination": true,
                "device_name": "/dev/sda1",
                "encrypted": false,
                "iops": 100,
                "kms_key_id": "",
                "tags": null,
                "tags_all": {},
                "throughput": 0,
                "volume_id": "vol-0e879300bd72e1de9",
                "volume_size": 20,
                "volume_type": "gp2"
              }
            ],
            "secondary_private_ips": [],
            "security_groups": [],
            "source_dest_check": true,
            "spot_instance_request_id": "",
            "subnet_id": "subnet-042ae2fbd846bb822",
            "tags": {
              "Name": "k8s-worker-1",
              "Role": "worker"
            },
            "tags_all": {
              "Name": "k8s-worker-1",
              "Role": "worker"
            },
            "tenancy": "default",
            "timeouts": null,
            "user_data": "44d7fbc32006f432609de68426a93ca01615f64f",
            "user_data_base64": null,
            "user_data_replace_on_change": false,
            "volume_tags": null,
            "vpc_security_group_ids": [
              "sg-01f675eefdcffa17f"
            ]
          },
          "sensitive_attributes": [],
          "identity_schema_version": 0,
          "private": "eyJlMmJmYjczMC1lY2FhLTExZTYtOGY4OC0zNDM2M2JjN2M0YzAiOnsiY3JlYXRlIjo2MDAwMDAwMDAwMDAsImRlbGV0ZSI6MTIwMDAwMDAwMDAwMCwicmVhZCI6OTAwMDAwMDAwMDAwLCJ1cGRhdGUiOjYwMDAwMDAwMDAwMH0sInNjaGVtYV92ZXJzaW9uIjoiMSJ9",
          "dependencies": [
            "module.compute.aws_key_pair.k8s_key",
            "module.iam.aws_iam_instance_profile.k8s_profile",
            "module.iam.aws_iam_role.k8s_role",
            "module.security.aws_security_group.k8s_sg",
            "module.vpc.aws_subnet.private_subnet",
            "module.vpc.aws_vpc.k8s_vpc",
            "tls_private_key.k8s_ssh"
          ]
        },
        {
          "index_key": 1,
          "schema_version": 1,
          "attributes": {
            "ami": "ami-0c398cb65a93047f2",
            "arn": "arn:aws:ec2:us-east-1:843976229340:instance/i-0f97aba4309617d57",
            "associate_public_ip_address": false,
            "availability_zone": "us-east-1a",
            "capacity_reservation_specification": [
              {
                "capacity_reservation_preference": "open",
                "capacity_reservation_target": []
              }
            ],
            "cpu_core_count": 1,
            "cpu_options": [
              {
                "amd_sev_snp": "",
                "core_count": 1,
                "threads_per_core": 2
              }
            ],
            "cpu_threads_per_core": 2,
            "credit_specification": [
              {
                "cpu_credits": "unlimited"
              }
            ],
            "disable_api_stop": false,
            "disable_api_termination": false,
            "ebs_block_device": [],
            "ebs_optimized": false,
            "enable_primary_ipv6": null,
            "enclave_options": [
              {
                "enabled": false
              }
            ],
            "ephemeral_block_device": [],
            "get_password_data": false,
            "hibernation": false,
            "host_id": "",
            "host_resource_group_arn": null,
            "iam_instance_profile": "k8s-instance-profile",
            "id": "i-0f97aba4309617d57",
            "instance_initiated_shutdown_behavior": "stop",
            "instance_lifecycle": "",
            "instance_market_options": [],
            "instance_state": "running",
            "instance_type": "t3.medium",
            "ipv6_address_count": 0,
            "ipv6_addresses": [],
            "key_name": "k8s-key",
            "launch_template": [],
            "maintenance_options": [
              {
                "auto_recovery": "default"
              }
            ],
            "metadata_options": [
              {
                "http_endpoint": "enabled",
                "http_protocol_ipv6": "disabled",
                "http_put_response_hop_limit": 1,
                "http_tokens": "optional",
                "instance_metadata_tags": "disabled"
              }
            ],
            "monitoring": false,
            "network_interface": [],
            "outpost_arn": "",
            "password_data": "",
            "placement_group": "",
            "placement_partition_number": 0,
            "primary_network_interface_id": "eni-0cb41ca6b000cb5a4",
            "private_dns": "ip-10-0-2-105.ec2.internal",
            "private_dns_name_options": [
              {
                "enable_resource_name_dns_a_record": false,
                "enable_resource_name_dns_aaaa_record": false,
                "hostname_type": "ip-name"
              }
            ],
            "private_ip": "10.0.2.105",
            "public_dns": "",
            "public_ip": "",
            "root_block_device": [
              {
                "delete_on_termination": true,
                "device_name": "/dev/sda1",
                "encrypted": false,
                "iops": 100,
                "kms_key_id": "",
                "tags": null,
                "tags_all": {},
                "throughput": 0,
                "volume_id": "vol-08dc59cf8221c547a",
                "volume_size": 20,
                "volume_type": "gp2"
              }
            ],
            "secondary_private_ips": [],
            "security_groups": [],
            "source_dest_check": true,
            "spot_instance_request_id": "",
            "subnet_id": "subnet-042ae2fbd846bb822",
            "tags": {
              "Name": "k8s-worker-2",
              "Role": "worker"
            },
            "tags_all": {
              "Name": "k8s-worker-2",
              "Role": "worker"
            },
            "tenancy": "default",
            "timeouts": null,
            "user_data": "44d7fbc32006f432609de68426a93ca01615f64f",
            "user_data_base64": null,
            "user_data_replace_on_change": false,
            "volume_tags": null,
            "vpc_security_group_ids": [
              "sg-01f675eefdcffa17f"
            ]
          },
          "sensitive_attributes": [],
          "identity_schema_version": 0,
          "private": "eyJlMmJmYjczMC1lY2FhLTExZTYtOGY4OC0zNDM2M2JjN2M0YzAiOnsiY3JlYXRlIjo2MDAwMDAwMDAwMDAsImRlbGV0ZSI6MTIwMDAwMDAwMDAwMCwicmVhZCI6OTAwMDAwMDAwMDAwLCJ1cGRhdGUiOjYwMDAwMDAwMDAwMH0sInNjaGVtYV92ZXJzaW9uIjoiMSJ9",
          "dependencies": [
            "module.compute.aws_key_pair.k8s_key",
            "module.iam.aws_iam_instance_profile.k8s_profile",
            "module.iam.aws_iam_role.k8s_role",
            "module.security.aws_security_group.k8s_sg",
            "module.vpc.aws_subnet.private_subnet",
            "module.vpc.aws_vpc.k8s_vpc",
            "tls_private_key.k8s_ssh"
          ]
        }
      ]
    },
    {
      "module": "module.compute",
      "mode": "managed",
      "type": "aws_key_pair",
      "name": "k8s_key",
      "provider": "provider[\"registry.terraform.io/hashicorp/aws\"]",
      "instances": [
        {
          "schema_version": 1,
          "attributes": {
            "arn": "arn:aws:ec2:us-east-1:843976229340:key-pair/k8s-key",
            "fingerprint": "aa:4f:8a:44:af:7a:a5:1b:7d:a2:81:96:2f:0b:d5:f7",
            "id": "k8s-key",
            "key_name": "k8s-key",
            "key_name_prefix": "",
            "key_pair_id": "key-091c0753e4b706a12",
            "key_type": "rsa",
            "public_key": "ssh-rsa AAAAB3NzaC1yc2EAAAADAQABAAACAQCs62vmUAyq70o3ObA7j0JLlzsbZIkh21EWcQx2ryvUrb8uB36z1fTivcEPTUxa0gpR2ecaHPzix6+HaxJ1xd7WKT3qmzkZpjCNOE23AUtwSUoDz8G8o1lmLZVILtQhEJKr9FiyAVag+OGeoD+vkmsZOAfSjFNbhZc0m/MKUYhwCizCJmVlrHY88gkdy0CRqCnu2F+fc0DAENbImR6eDMQBsttEz7mBqGCGALEd2UGoJ3sHFcYyBEiFHWns9/bSWkUtx+QqhA9EXoDGn7sbJeolVnczt472ovOxPoQfpyD3hYZIH6hwHr/toVGXUjy7elwYUK97HGWjNsZd9Fkr9/ctcYNEAEQgx2H0QHt3TfCQp8XXIfzlrpWCTCnigzwDccVuHNfTidlVMkriDXmUsiTPZivA2WEIwvb8CBdORa/2GYDZvS/ytKyRpA1JO+0dlBNBwajOFwsl2kAwm+ByTwShZ9GxwLlDoearcAsJ4sw6rPlmzxngTkgfbe8K6kVOqOrvPu7Ed2cOx1m36OjZ4oQoCwB1lbHjqqfq/eDazp6jwvicoyiYNOuGSJxKf5zCZ/+xKHhgMZJyyC64/O9HqQKVNX9SuoMeGiHywAC36mI/FgRR5lN7915L20HiD7cJ6RP7FD+YIHbSrXWpXpXOP5RTF1D9LvXR9SihBDzSXbGtQQ==",
            "tags": null,
            "tags_all": {}
          },
          "sensitive_attributes": [],
          "identity_schema_version": 0,
          "private": "eyJzY2hlbWFfdmVyc2lvbiI6IjEifQ==",
          "dependencies": [
            "tls_private_key.k8s_ssh"
          ]
        }
      ]
    },
    {
      "module": "module.ecr",
      "mode": "managed",
      "type": "aws_ecr_lifecycle_policy",
      "name": "app_lifecycle_policy",
      "provider": "provider[\"registry.terraform.io/hashicorp/aws\"]",
      "instances": [
        {
          "schema_version": 0,
          "attributes": {
            "id": "k8s-app-repository",
            "policy": "{\"rules\":[{\"action\":{\"type\":\"expire\"},\"description\":\"Remove untagged images older than 7 days\",\"rulePriority\":1,\"selection\":{\"countNumber\":7,\"countType\":\"sinceImagePushed\",\"countUnit\":\"days\",\"tagStatus\":\"untagged\"}},{\"action\":{\"type\":\"expire\"},\"description\":\"Keep last 30 images\",\"rulePriority\":2,\"selection\":{\"countNumber\":30,\"countType\":\"imageCountMoreThan\",\"tagStatus\":\"any\"}}]}",
            "registry_id": "843976229340",
            "repository": "k8s-app-repository"
          },
          "sensitive_attributes": [],
          "identity_schema_version": 0,
          "private": "bnVsbA==",
          "dependencies": [
            "module.ecr.aws_ecr_repository.app_repository"
          ]
        }
      ]
    },
    {
      "module": "module.ecr",
      "mode": "managed",
      "type": "aws_ecr_repository",
      "name": "app_repository",
      "provider": "provider[\"registry.terraform.io/hashicorp/aws\"]",
      "instances": [
        {
          "schema_version": 0,
          "attributes": {
            "arn": "arn:aws:ecr:us-east-1:843976229340:repository/k8s-app-repository",
            "encryption_configuration": [
              {
                "encryption_type": "AES256",
                "kms_key": ""
              }
            ],
            "force_delete": null,
            "id": "k8s-app-repository",
            "image_scanning_configuration": [
              {
                "scan_on_push": true
              }
            ],
            "image_tag_mutability": "MUTABLE",
            "name": "k8s-app-repository",
            "registry_id": "843976229340",
            "repository_url": "843976229340.dkr.ecr.us-east-1.amazonaws.com/k8s-app-repository",
            "tags": {
              "Environment": "production",
              "Name": "k8s-app-repository",
              "Project": "kubernetes-cluster"
            },
            "tags_all": {
              "Environment": "production",
              "Name": "k8s-app-repository",
              "Project": "kubernetes-cluster"
            },
            "timeouts": null
          },
          "sensitive_attributes": [],
          "identity_schema_version": 0,
          "private": "eyJlMmJmYjczMC1lY2FhLTExZTYtOGY4OC0zNDM2M2JjN2M0YzAiOnsiZGVsZXRlIjoxMjAwMDAwMDAwMDAwfX0="
        }
      ]
    },
    {
      "module": "module.ecr",
      "mode": "managed",
      "type": "aws_iam_role_policy",
      "name": "ecr_pull_policy",
      "provider": "provider[\"registry.terraform.io/hashicorp/aws\"]",
      "instances": [
        {
          "schema_version": 0,
          "attributes": {
            "id": "k8s-instance-role:ecr-pull-policy",
            "name": "ecr-pull-policy",
            "name_prefix": "",
            "policy": "{\"Version\":\"2012-10-17\",\"Statement\":[{\"Action\":[\"ecr:GetAuthorizationToken\",\"ecr:BatchCheckLayerAvailability\",\"ecr:GetDownloadUrlForLayer\",\"ecr:GetRepositoryPolicy\",\"ecr:DescribeRepositories\",\"ecr:ListImages\",\"ecr:DescribeImages\",\"ecr:BatchGetImage\"],\"Effect\":\"Allow\",\"Resource\":\"*\"}]}",
            "role": "k8s-instance-role"
          },
          "sensitive_attributes": [],
          "identity_schema_version": 0,
          "private": "bnVsbA==",
          "dependencies": [
            "module.iam.aws_iam_role.k8s_role"
          ]
        }
      ]
    },
    {
      "module": "module.iam",
      "mode": "managed",
      "type": "aws_iam_instance_profile",
      "name": "k8s_profile",
      "provider": "provider[\"registry.terraform.io/hashicorp/aws\"]",
      "instances": [
        {
          "schema_version": 0,
          "attributes": {
            "arn": "arn:aws:iam::843976229340:instance-profile/k8s-instance-profile",
            "create_date": "2025-11-20T10:18:53Z",
            "id": "k8s-instance-profile",
            "name": "k8s-instance-profile",
            "name_prefix": "",
            "path": "/",
            "role": "k8s-instance-role",
            "tags": null,
            "tags_all": {},
            "unique_id": "AIPA4JAHHIHOIH2A6PBL2"
          },
          "sensitive_attributes": [],
          "identity_schema_version": 0,
          "private": "bnVsbA==",
          "dependencies": [
            "module.iam.aws_iam_role.k8s_role"
          ]
        }
      ]
    },
    {
      "module": "module.iam",
      "mode": "managed",
      "type": "aws_iam_policy",
      "name": "ebs_csi_policy",
      "provider": "provider[\"registry.terraform.io/hashicorp/aws\"]",
      "instances": [
        {
          "schema_version": 0,
          "attributes": {
            "arn": "arn:aws:iam::843976229340:policy/EBS-CSI-Driver-Policy",
            "attachment_count": 0,
            "description": "Policy to allow EKS nodes to manage EBS volumes",
            "id": "arn:aws:iam::843976229340:policy/EBS-CSI-Driver-Policy",
            "name": "EBS-CSI-Driver-Policy",
            "name_prefix": "",
            "path": "/",
            "policy": "{\"Statement\":[{\"Action\":[\"ec2:CreateSnapshot\",\"ec2:DeleteSnapshot\",\"ec2:AttachVolume\",\"ec2:DetachVolume\",\"ec2:ModifyVolume\",\"ec2:Decribe*\"],\"Effect\":\"Allow\",\"Resource\":\"*\"}],\"Version\":\"2012-10-17\"}",
            "policy_id": "ANPA4JAHHIHOKMFCUTLWI",
            "tags": null,
            "tags_all": {}
          },
          "sensitive_attributes": [],
          "identity_schema_version": 0,
          "private": "bnVsbA=="
        }
      ]
    },
    {
      "module": "module.iam",
      "mode": "managed",
      "type": "aws_iam_role",
      "name": "k8s_role",
      "provider": "provider[\"registry.terraform.io/hashicorp/aws\"]",
      "instances": [
        {
          "schema_version": 0,
          "attributes": {
            "arn": "arn:aws:iam::843976229340:role/k8s-instance-role",
            "assume_role_policy": "{\"Statement\":[{\"Action\":\"sts:AssumeRole\",\"Effect\":\"Allow\",\"Principal\":{\"Service\":\"ec2.amazonaws.com\"}}],\"Version\":\"2012-10-17\"}",
            "create_date": "2025-11-20T10:18:53Z",
            "description": "",
            "force_detach_policies": false,
            "id": "k8s-instance-role",
            "inline_policy": [],
            "managed_policy_arns": [],
            "max_session_duration": 3600,
            "name": "k8s-instance-role",
            "name_prefix": "",
            "path": "/",
            "permissions_boundary": "",
            "tags": null,
            "tags_all": {},
            "unique_id": "AROA4JAHHIHOIWCXAGFWL"
          },
          "sensitive_attributes": [],
          "identity_schema_version": 0,
          "private": "bnVsbA=="
        }
      ]
    },
    {
      "module": "module.iam",
      "mode": "managed",
      "type": "aws_iam_role_policy_attachment",
      "name": "ebs_csi_policy_attachment",
      "provider": "provider[\"registry.terraform.io/hashicorp/aws\"]",
      "instances": [
        {
          "schema_version": 0,
          "attributes": {
            "id": "k8s-instance-role-20251120101853927500000007",
            "policy_arn": "arn:aws:iam::843976229340:policy/EBS-CSI-Driver-Policy",
            "role": "k8s-instance-role"
          },
          "sensitive_attributes": [],
          "identity_schema_version": 0,
          "private": "bnVsbA==",
          "dependencies": [
            "module.iam.aws_iam_policy.ebs_csi_policy",
            "module.iam.aws_iam_role.k8s_role"
          ]
        }
      ]
    },
    {
      "module": "module.iam",
      "mode": "managed",
      "type": "aws_iam_role_policy_attachment",
      "name": "ssm_policy",
      "provider": "provider[\"registry.terraform.io/hashicorp/aws\"]",
      "instances": [
        {
          "schema_version": 0,
          "attributes": {
            "id": "k8s-instance-role-20251120101853954900000008",
            "policy_arn": "arn:aws:iam::aws:policy/AmazonSSMManagedInstanceCore",
            "role": "k8s-instance-role"
          },
          "sensitive_attributes": [],
          "identity_schema_version": 0,
          "private": "bnVsbA==",
          "dependencies": [
            "module.iam.aws_iam_role.k8s_role"
          ]
        }
      ]
    },
    {
      "module": "module.security",
      "mode": "managed",
      "type": "aws_security_group",
      "name": "k8s_sg",
      "provider": "provider[\"registry.terraform.io/hashicorp/aws\"]",
      "instances": [
        {
          "schema_version": 1,
          "attributes": {
            "arn": "arn:aws:ec2:us-east-1:843976229340:security-group/sg-01f675eefdcffa17f",
            "description": "Security group for Kubernetes cluster",
            "egress": [
              {
                "cidr_blocks": [
                  "0.0.0.0/0"
                ],
                "description": "",
                "from_port": 0,
                "ipv6_cidr_blocks": [],
                "prefix_list_ids": [],
                "protocol": "-1",
                "security_groups": [],
                "self": false,
                "to_port": 0
              }
            ],
            "id": "sg-01f675eefdcffa17f",
            "ingress": [
              {
                "cidr_blocks": [
                  "0.0.0.0/0"
                ],
                "description": "",
                "from_port": 22,
                "ipv6_cidr_blocks": [],
                "prefix_list_ids": [],
                "protocol": "tcp",
                "security_groups": [],
                "self": false,
                "to_port": 22
              },
              {
                "cidr_blocks": [
                  "0.0.0.0/0"
                ],
                "description": "",
                "from_port": 30000,
                "ipv6_cidr_blocks": [],
                "prefix_list_ids": [],
                "protocol": "tcp",
                "security_groups": [],
                "self": false,
                "to_port": 32767
              },
              {
                "cidr_blocks": [
                  "0.0.0.0/0"
                ],
                "description": "",
                "from_port": 6443,
                "ipv6_cidr_blocks": [],
                "prefix_list_ids": [],
                "protocol": "tcp",
                "security_groups": [],
                "self": false,
                "to_port": 6443
              },
              {
                "cidr_blocks": [
                  "10.0.0.0/16"
                ],
                "description": "",
                "from_port": 0,
                "ipv6_cidr_blocks": [],
                "prefix_list_ids": [],
                "protocol": "-1",
                "security_groups": [],
                "self": false,
                "to_port": 0
              },
              {
                "cidr_blocks": [
                  "10.0.0.0/16"
                ],
                "description": "",
                "from_port": 10250,
                "ipv6_cidr_blocks": [],
                "prefix_list_ids": [],
                "protocol": "tcp",
                "security_groups": [],
                "self": false,
                "to_port": 10250
              },
              {
                "cidr_blocks": [
                  "10.0.0.0/16"
                ],
                "description": "",
                "from_port": 2379,
                "ipv6_cidr_blocks": [],
                "prefix_list_ids": [],
                "protocol": "tcp",
                "security_groups": [],
                "self": false,
                "to_port": 2380
              }
            ],
            "name": "k8s-security-group",
            "name_prefix": "",
            "owner_id": "843976229340",
            "revoke_rules_on_delete": false,
            "tags": {
              "Name": "k8s-sg"
            },
            "tags_all": {
              "Name": "k8s-sg"
            },
            "timeouts": null,
            "vpc_id": "vpc-081df297715c9e235"
          },
          "sensitive_attributes": [],
          "identity_schema_version": 0,
          "private": "eyJlMmJmYjczMC1lY2FhLTExZTYtOGY4OC0zNDM2M2JjN2M0YzAiOnsiY3JlYXRlIjo2MDAwMDAwMDAwMDAsImRlbGV0ZSI6OTAwMDAwMDAwMDAwfSwic2NoZW1hX3ZlcnNpb24iOiIxIn0=",
          "dependencies": [
            "module.vpc.aws_vpc.k8s_vpc"
          ]
        }
      ]
    },
    {
      "module": "module.vpc",
      "mode": "managed",
      "type": "aws_eip",
      "name": "nat_eip",
      "provider": "provider[\"registry.terraform.io/hashicorp/aws\"]",
      "instances": [
        {
          "schema_version": 0,
          "attributes": {
            "address": null,
            "allocation_id": "eipalloc-0faee2518c6c83698",
            "arn": "arn:aws:ec2:us-east-1:843976229340:elastic-ip/eipalloc-0faee2518c6c83698",
            "associate_with_private_ip": null,
            "association_id": "",
            "carrier_ip": "",
            "customer_owned_ip": "",
            "customer_owned_ipv4_pool": "",
            "domain": "vpc",
            "id": "eipalloc-0faee2518c6c83698",
            "instance": "",
            "ipam_pool_id": null,
            "network_border_group": "us-east-1",
            "network_interface": "",
            "private_dns": null,
            "private_ip": "",
            "ptr_record": "",
            "public_dns": "ec2-54-204-241-255.compute-1.amazonaws.com",
            "public_ip": "54.204.241.255",
            "public_ipv4_pool": "amazon",
            "tags": {
              "Name": "k8s-nat-eip"
            },
            "tags_all": {
              "Name": "k8s-nat-eip"
            },
            "timeouts": null,
            "vpc": true
          },
          "sensitive_attributes": [],
          "identity_schema_version": 0,
          "private": "eyJlMmJmYjczMC1lY2FhLTExZTYtOGY4OC0zNDM2M2JjN2M0YzAiOnsiZGVsZXRlIjoxODAwMDAwMDAwMDAsInJlYWQiOjkwMDAwMDAwMDAwMCwidXBkYXRlIjozMDAwMDAwMDAwMDB9fQ=="
        }
      ]
    },
    {
      "module": "module.vpc",
      "mode": "managed",
      "type": "aws_internet_gateway",
      "name": "k8s_igw",
      "provider": "provider[\"registry.terraform.io/hashicorp/aws\"]",
      "instances": [
        {
          "schema_version": 0,
          "attributes": {
            "arn": "arn:aws:ec2:us-east-1:843976229340:internet-gateway/igw-0b1a18a755a66f380",
            "id": "igw-0b1a18a755a66f380",
            "owner_id": "843976229340",
            "tags": {
              "Name": "k8s-igw"
            },
            "tags_all": {
              "Name": "k8s-igw"
            },
            "timeouts": null,
            "vpc_id": "vpc-081df297715c9e235"
          },
          "sensitive_attributes": [],
          "identity_schema_version": 0,
          "private": "eyJlMmJmYjczMC1lY2FhLTExZTYtOGY4OC0zNDM2M2JjN2M0YzAiOnsiY3JlYXRlIjoxMjAwMDAwMDAwMDAwLCJkZWxldGUiOjEyMDAwMDAwMDAwMDAsInVwZGF0ZSI6MTIwMDAwMDAwMDAwMH19",
          "dependencies": [
            "module.vpc.aws_vpc.k8s_vpc"
          ]
        }
      ]
    },
    {
      "module": "module.vpc",
      "mode": "managed",
      "type": "aws_nat_gateway",
      "name": "k8s_nat",
      "provider": "provider[\"registry.terraform.io/hashicorp/aws\"]",
      "instances": [
        {
          "schema_version": 0,
          "attributes": {
            "allocation_id": "eipalloc-0faee2518c6c83698",
            "association_id": "eipassoc-0310340ffc14b50f5",
            "connectivity_type": "public",
            "id": "nat-0d2ca398cf23becb9",
            "network_interface_id": "eni-0b69803282575e23e",
            "private_ip": "10.0.1.15",
            "public_ip": "54.204.241.255",
            "secondary_allocation_ids": null,
            "secondary_private_ip_address_count": 0,
            "secondary_private_ip_addresses": [],
            "subnet_id": "subnet-0d70d5e50aad93b87",
            "tags": {
              "Name": "k8s-nat"
            },
            "tags_all": {
              "Name": "k8s-nat"
            },
            "timeouts": null
          },
          "sensitive_attributes": [],
          "identity_schema_version": 0,
          "private": "eyJlMmJmYjczMC1lY2FhLTExZTYtOGY4OC0zNDM2M2JjN2M0YzAiOnsiY3JlYXRlIjo2MDAwMDAwMDAwMDAsImRlbGV0ZSI6MTgwMDAwMDAwMDAwMCwidXBkYXRlIjo2MDAwMDAwMDAwMDB9fQ==",
          "dependencies": [
            "module.vpc.aws_eip.nat_eip",
            "module.vpc.aws_internet_gateway.k8s_igw",
            "module.vpc.aws_subnet.public_subnet",
            "module.vpc.aws_vpc.k8s_vpc"
          ]
        }
      ]
    },
    {
      "module": "module.vpc",
      "mode": "managed",
      "type": "aws_route_table",
      "name": "private_rt",
      "provider": "provider[\"registry.terraform.io/hashicorp/aws\"]",
      "instances": [
        {
          "schema_version": 0,
          "attributes": {
            "arn": "arn:aws:ec2:us-east-1:843976229340:route-table/rtb-032f1a5af68ecd604",
            "id": "rtb-032f1a5af68ecd604",
            "owner_id": "843976229340",
            "propagating_vgws": [],
            "route": [
              {
                "carrier_gateway_id": "",
                "cidr_block": "0.0.0.0/0",
                "core_network_arn": "",
                "destination_prefix_list_id": "",
                "egress_only_gateway_id": "",
                "gateway_id": "",
                "ipv6_cidr_block": "",
                "local_gateway_id": "",
                "nat_gateway_id": "nat-0d2ca398cf23becb9",
                "network_interface_id": "",
                "transit_gateway_id": "",
                "vpc_endpoint_id": "",
                "vpc_peering_connection_id": ""
              }
            ],
            "tags": {
              "Name": "k8s-private-rt"
            },
            "tags_all": {
              "Name": "k8s-private-rt"
            },
            "timeouts": null,
            "vpc_id": "vpc-081df297715c9e235"
          },
          "sensitive_attributes": [],
          "identity_schema_version": 0,
          "private": "eyJlMmJmYjczMC1lY2FhLTExZTYtOGY4OC0zNDM2M2JjN2M0YzAiOnsiY3JlYXRlIjozMDAwMDAwMDAwMDAsImRlbGV0ZSI6MzAwMDAwMDAwMDAwLCJ1cGRhdGUiOjEyMDAwMDAwMDAwMH19",
          "dependencies": [
            "module.vpc.aws_eip.nat_eip",
            "module.vpc.aws_internet_gateway.k8s_igw",
            "module.vpc.aws_nat_gateway.k8s_nat",
            "module.vpc.aws_subnet.public_subnet",
            "module.vpc.aws_vpc.k8s_vpc"
          ]
        }
      ]
    },
    {
      "module": "module.vpc",
      "mode": "managed",
      "type": "aws_route_table",
      "name": "public_rt",
      "provider": "provider[\"registry.terraform.io/hashicorp/aws\"]",
      "instances": [
        {
          "schema_version": 0,
          "attributes": {
            "arn": "arn:aws:ec2:us-east-1:843976229340:route-table/rtb-0469e340128605496",
            "id": "rtb-0469e340128605496",
            "owner_id": "843976229340",
            "propagating_vgws": [],
            "route": [
              {
                "carrier_gateway_id": "",
                "cidr_block": "0.0.0.0/0",
                "core_network_arn": "",
                "destination_prefix_list_id": "",
                "egress_only_gateway_id": "",
                "gateway_id": "igw-0b1a18a755a66f380",
                "ipv6_cidr_block": "",
                "local_gateway_id": "",
                "nat_gateway_id": "",
                "network_interface_id": "",
                "transit_gateway_id": "",
                "vpc_endpoint_id": "",
                "vpc_peering_connection_id": ""
              }
            ],
            "tags": {
              "Name": "k8s-public-rt"
            },
            "tags_all": {
              "Name": "k8s-public-rt"
            },
            "timeouts": null,
            "vpc_id": "vpc-081df297715c9e235"
          },
          "sensitive_attributes": [],
          "identity_schema_version": 0,
          "private": "eyJlMmJmYjczMC1lY2FhLTExZTYtOGY4OC0zNDM2M2JjN2M0YzAiOnsiY3JlYXRlIjozMDAwMDAwMDAwMDAsImRlbGV0ZSI6MzAwMDAwMDAwMDAwLCJ1cGRhdGUiOjEyMDAwMDAwMDAwMH19",
          "dependencies": [
            "module.vpc.aws_internet_gateway.k8s_igw",
            "module.vpc.aws_vpc.k8s_vpc"
          ]
        }
      ]
    },
    {
      "module": "module.vpc",
      "mode": "managed",
      "type": "aws_route_table_association",
      "name": "private_rta",
      "provider": "provider[\"registry.terraform.io/hashicorp/aws\"]",
      "instances": [
        {
          "schema_version": 0,
          "attributes": {
            "gateway_id": "",
            "id": "rtbassoc-06b69215654ab9da5",
            "route_table_id": "rtb-032f1a5af68ecd604",
            "subnet_id": "subnet-042ae2fbd846bb822",
            "timeouts": null
          },
          "sensitive_attributes": [],
          "identity_schema_version": 0,
          "private": "eyJlMmJmYjczMC1lY2FhLTExZTYtOGY4OC0zNDM2M2JjN2M0YzAiOnsiY3JlYXRlIjozMDAwMDAwMDAwMDAsImRlbGV0ZSI6MzAwMDAwMDAwMDAwLCJ1cGRhdGUiOjEyMDAwMDAwMDAwMH19",
          "dependencies": [
            "module.vpc.aws_eip.nat_eip",
            "module.vpc.aws_internet_gateway.k8s_igw",
            "module.vpc.aws_nat_gateway.k8s_nat",
            "module.vpc.aws_route_table.private_rt",
            "module.vpc.aws_subnet.private_subnet",
            "module.vpc.aws_subnet.public_subnet",
            "module.vpc.aws_vpc.k8s_vpc"
          ]
        }
      ]
    },
    {
      "module": "module.vpc",
      "mode": "managed",
      "type": "aws_route_table_association",
      "name": "public_rta",
      "provider": "provider[\"registry.terraform.io/hashicorp/aws\"]",
      "instances": [
        {
          "schema_version": 0,
          "attributes": {
            "gateway_id": "",
            "id": "rtbassoc-0f80e75b7fdd72d9a",
            "route_table_id": "rtb-0469e340128605496",
            "subnet_id": "subnet-0d70d5e50aad93b87",
            "timeouts": null
          },
          "sensitive_attributes": [],
          "identity_schema_version": 0,
          "private": "eyJlMmJmYjczMC1lY2FhLTExZTYtOGY4OC0zNDM2M2JjN2M0YzAiOnsiY3JlYXRlIjozMDAwMDAwMDAwMDAsImRlbGV0ZSI6MzAwMDAwMDAwMDAwLCJ1cGRhdGUiOjEyMDAwMDAwMDAwMH19",
          "dependencies": [
            "module.vpc.aws_internet_gateway.k8s_igw",
            "module.vpc.aws_route_table.public_rt",
            "module.vpc.aws_subnet.public_subnet",
            "module.vpc.aws_vpc.k8s_vpc"
          ]
        }
      ]
    },
    {
      "module": "module.vpc",
      "mode": "managed",
      "type": "aws_subnet",
      "name": "private_subnet",
      "provider": "provider[\"registry.terraform.io/hashicorp/aws\"]",
      "instances": [
        {
          "schema_version": 1,
          "attributes": {
            "arn": "arn:aws:ec2:us-east-1:843976229340:subnet/subnet-042ae2fbd846bb822",
            "assign_ipv6_address_on_creation": false,
            "availability_zone": "us-east-1a",
            "availability_zone_id": "use1-az6",
            "cidr_block": "10.0.2.0/24",
            "customer_owned_ipv4_pool": "",
            "enable_dns64": false,
            "enable_lni_at_device_index": 0,
            "enable_resource_name_dns_a_record_on_launch": false,
            "enable_resource_name_dns_aaaa_record_on_launch": false,
            "id": "subnet-042ae2fbd846bb822",
            "ipv6_cidr_block": "",
            "ipv6_cidr_block_association_id": "",
            "ipv6_native": false,
            "map_customer_owned_ip_on_launch": false,
            "map_public_ip_on_launch": false,
            "outpost_arn": "",
            "owner_id": "843976229340",
            "private_dns_hostname_type_on_launch": "ip-name",
            "tags": {
              "Name": "k8s-private-subnet"
            },
            "tags_all": {
              "Name": "k8s-private-subnet"
            },
            "timeouts": null,
            "vpc_id": "vpc-081df297715c9e235"
          },
          "sensitive_attributes": [],
          "identity_schema_version": 0,
          "private": "eyJlMmJmYjczMC1lY2FhLTExZTYtOGY4OC0zNDM2M2JjN2M0YzAiOnsiY3JlYXRlIjo2MDAwMDAwMDAwMDAsImRlbGV0ZSI6MTIwMDAwMDAwMDAwMH0sInNjaGVtYV92ZXJzaW9uIjoiMSJ9",
          "dependencies": [
            "module.vpc.aws_vpc.k8s_vpc"
          ]
        }
      ]
    },
    {
      "module": "module.vpc",
      "mode": "managed",
      "type": "aws_subnet",
      "name": "public_subnet",
      "provider": "provider[\"registry.terraform.io/hashicorp/aws\"]",
      "instances": [
        {
          "schema_version": 1,
          "attributes": {
            "arn": "arn:aws:ec2:us-east-1:843976229340:subnet/subnet-0d70d5e50aad93b87",
            "assign_ipv6_address_on_creation": false,
            "availability_zone": "us-east-1a",
            "availability_zone_id": "use1-az6",
            "cidr_block": "10.0.1.0/24",
            "customer_owned_ipv4_pool": "",
            "enable_dns64": false,
            "enable_lni_at_device_index": 0,
            "enable_resource_name_dns_a_record_on_launch": false,
            "enable_resource_name_dns_aaaa_record_on_launch": false,
            "id": "subnet-0d70d5e50aad93b87",
            "ipv6_cidr_block": "",
            "ipv6_cidr_block_association_id": "",
            "ipv6_native": false,
            "map_customer_owned_ip_on_launch": false,
            "map_public_ip_on_launch": true,
            "outpost_arn": "",
            "owner_id": "843976229340",
            "private_dns_hostname_type_on_launch": "ip-name",
            "tags": {
              "Name": "k8s-public-subnet"
            },
            "tags_all": {
              "Name": "k8s-public-subnet"
            },
            "timeouts": null,
            "vpc_id": "vpc-081df297715c9e235"
          },
          "sensitive_attributes": [],
          "identity_schema_version": 0,
          "private": "eyJlMmJmYjczMC1lY2FhLTExZTYtOGY4OC0zNDM2M2JjN2M0YzAiOnsiY3JlYXRlIjo2MDAwMDAwMDAwMDAsImRlbGV0ZSI6MTIwMDAwMDAwMDAwMH0sInNjaGVtYV92ZXJzaW9uIjoiMSJ9",
          "dependencies": [
            "module.vpc.aws_vpc.k8s_vpc"
          ]
        }
      ]
    },
    {
      "module": "module.vpc",
      "mode": "managed",
      "type": "aws_vpc",
      "name": "k8s_vpc",
      "provider": "provider[\"registry.terraform.io/hashicorp/aws\"]",
      "instances": [
        {
          "schema_version": 1,
          "attributes": {
            "arn": "arn:aws:ec2:us-east-1:843976229340:vpc/vpc-081df297715c9e235",
            "assign_generated_ipv6_cidr_block": false,
            "cidr_block": "10.0.0.0/16",
            "default_network_acl_id": "acl-09ad93cd43647aa48",
            "default_route_table_id": "rtb-07abab2b16d0c1eb3",
            "default_security_group_id": "sg-098f96530b791fa54",
            "dhcp_options_id": "dopt-003c19e0b940d0b7e",
            "enable_dns_hostnames": true,
            "enable_dns_support": true,
            "enable_network_address_usage_metrics": false,
            "id": "vpc-081df297715c9e235",
            "instance_tenancy": "default",
            "ipv4_ipam_pool_id": null,
            "ipv4_netmask_length": null,
            "ipv6_association_id": "",
            "ipv6_cidr_block": "",
            "ipv6_cidr_block_network_border_group": "",
            "ipv6_ipam_pool_id": "",
            "ipv6_netmask_length": 0,
            "main_route_table_id": "rtb-07abab2b16d0c1eb3",
            "owner_id": "843976229340",
            "tags": {
              "Name": "k8s-vpc"
            },
            "tags_all": {
              "Name": "k8s-vpc"
            }
          },
          "sensitive_attributes": [],
          "identity_schema_version": 0,
          "private": "eyJzY2hlbWFfdmVyc2lvbiI6IjEifQ=="
        }
      ]
    }
  ],
  "check_results": null
}
